// !$*UTF8*$!
{
	archiveVersion = 1;
	classes = {
	};
	objectVersion = 56;
	objects = {

/* Begin PBXBuildFile section */
		EB28B5522B651435003DA6D1 /* AppDelegate.swift in Sources */ = {isa = PBXBuildFile; fileRef = EB28B5512B651435003DA6D1 /* AppDelegate.swift */; };
		EB28B5542B651435003DA6D1 /* SceneDelegate.swift in Sources */ = {isa = PBXBuildFile; fileRef = EB28B5532B651435003DA6D1 /* SceneDelegate.swift */; };
		EB28B55B2B651437003DA6D1 /* Assets.xcassets in Resources */ = {isa = PBXBuildFile; fileRef = EB28B55A2B651437003DA6D1 /* Assets.xcassets */; };
		EB28B55E2B651437003DA6D1 /* LaunchScreen.storyboard in Resources */ = {isa = PBXBuildFile; fileRef = EB28B55C2B651437003DA6D1 /* LaunchScreen.storyboard */; };
		EB28B5692B651437003DA6D1 /* TMDBTests.swift in Sources */ = {isa = PBXBuildFile; fileRef = EB28B5682B651437003DA6D1 /* TMDBTests.swift */; };
		EB28B5732B651437003DA6D1 /* TMDBUITests.swift in Sources */ = {isa = PBXBuildFile; fileRef = EB28B5722B651437003DA6D1 /* TMDBUITests.swift */; };
		EB28B5752B651437003DA6D1 /* TMDBUITestsLaunchTests.swift in Sources */ = {isa = PBXBuildFile; fileRef = EB28B5742B651437003DA6D1 /* TMDBUITestsLaunchTests.swift */; };
		EB28B5922B651A6D003DA6D1 /* Container+NetworkService.swift in Sources */ = {isa = PBXBuildFile; fileRef = EB28B5912B651A6D003DA6D1 /* Container+NetworkService.swift */; };
		EB28B5952B651A9A003DA6D1 /* Configuration.swift in Sources */ = {isa = PBXBuildFile; fileRef = EB28B5942B651A9A003DA6D1 /* Configuration.swift */; };
		EB28B5A02B651DAA003DA6D1 /* AppCoordinator.swift in Sources */ = {isa = PBXBuildFile; fileRef = EB28B59F2B651DAA003DA6D1 /* AppCoordinator.swift */; };
		EB28B5AA2B652DE1003DA6D1 /* Factory in Frameworks */ = {isa = PBXBuildFile; productRef = EB28B5A92B652DE1003DA6D1 /* Factory */; };
		EB28B5BA2B653A03003DA6D1 /* NetworkService.swift in Sources */ = {isa = PBXBuildFile; fileRef = EB28B5B52B653A03003DA6D1 /* NetworkService.swift */; };
		EB28B5BB2B653A03003DA6D1 /* HTTPMethod.swift in Sources */ = {isa = PBXBuildFile; fileRef = EB28B5B62B653A03003DA6D1 /* HTTPMethod.swift */; };
		EB28B5BC2B653A03003DA6D1 /* EndPoint.swift in Sources */ = {isa = PBXBuildFile; fileRef = EB28B5B72B653A03003DA6D1 /* EndPoint.swift */; };
		EB28B5BD2B653A03003DA6D1 /* NetworkConfigurable.swift in Sources */ = {isa = PBXBuildFile; fileRef = EB28B5B82B653A03003DA6D1 /* NetworkConfigurable.swift */; };
		EB28B5BE2B653A03003DA6D1 /* DataTransferService.swift in Sources */ = {isa = PBXBuildFile; fileRef = EB28B5B92B653A03003DA6D1 /* DataTransferService.swift */; };
		EB28B5C92B65412A003DA6D1 /* MoviesListViewModelType.swift in Sources */ = {isa = PBXBuildFile; fileRef = EB28B5C52B65412A003DA6D1 /* MoviesListViewModelType.swift */; };
		EB28B5CA2B65412A003DA6D1 /* MoviesListViewController.swift in Sources */ = {isa = PBXBuildFile; fileRef = EB28B5C62B65412A003DA6D1 /* MoviesListViewController.swift */; };
		EB28B5CB2B65412A003DA6D1 /* MoviesListViewModel.swift in Sources */ = {isa = PBXBuildFile; fileRef = EB28B5C72B65412A003DA6D1 /* MoviesListViewModel.swift */; };
		EB28B5CC2B65412A003DA6D1 /* MoviesListViewController.xib in Resources */ = {isa = PBXBuildFile; fileRef = EB28B5C82B65412A003DA6D1 /* MoviesListViewController.xib */; };
		EB28B5D12B65413F003DA6D1 /* MovieDetailsViewModelType.swift in Sources */ = {isa = PBXBuildFile; fileRef = EB28B5CD2B65413F003DA6D1 /* MovieDetailsViewModelType.swift */; };
		EB28B5D22B65413F003DA6D1 /* MovieDetailsViewController.swift in Sources */ = {isa = PBXBuildFile; fileRef = EB28B5CE2B65413F003DA6D1 /* MovieDetailsViewController.swift */; };
		EB28B5D32B65413F003DA6D1 /* MovieDetailsViewModel.swift in Sources */ = {isa = PBXBuildFile; fileRef = EB28B5CF2B65413F003DA6D1 /* MovieDetailsViewModel.swift */; };
		EB28B5D42B65413F003DA6D1 /* MovieDetailsViewController.xib in Resources */ = {isa = PBXBuildFile; fileRef = EB28B5D02B65413F003DA6D1 /* MovieDetailsViewController.xib */; };
		EB28B5DA2B654EFC003DA6D1 /* Kingfisher in Frameworks */ = {isa = PBXBuildFile; productRef = EB28B5D92B654EFC003DA6D1 /* Kingfisher */; };
		EB28B5DF2B655133003DA6D1 /* MoviesListTableViewCell.swift in Sources */ = {isa = PBXBuildFile; fileRef = EB28B5DD2B655133003DA6D1 /* MoviesListTableViewCell.swift */; };
		EB28B5E02B655133003DA6D1 /* MoviesListTableViewCell.xib in Resources */ = {isa = PBXBuildFile; fileRef = EB28B5DE2B655133003DA6D1 /* MoviesListTableViewCell.xib */; };
		EB28B5E32B65516A003DA6D1 /* UITableView+Extension.swift in Sources */ = {isa = PBXBuildFile; fileRef = EB28B5E22B65516A003DA6D1 /* UITableView+Extension.swift */; };
		EB28B5E52B65517B003DA6D1 /* UITableViewCell+Extension.swift in Sources */ = {isa = PBXBuildFile; fileRef = EB28B5E42B65517B003DA6D1 /* UITableViewCell+Extension.swift */; };
		EB28B5E82B655435003DA6D1 /* Movie.swift in Sources */ = {isa = PBXBuildFile; fileRef = EB28B5E72B655435003DA6D1 /* Movie.swift */; };
		EB28B5EB2B6554E7003DA6D1 /* FetchMoviesListUseCase.swift in Sources */ = {isa = PBXBuildFile; fileRef = EB28B5EA2B6554E7003DA6D1 /* FetchMoviesListUseCase.swift */; };
		EB28B5EE2B6555D4003DA6D1 /* MoviesListRepository.swift in Sources */ = {isa = PBXBuildFile; fileRef = EB28B5ED2B6555D4003DA6D1 /* MoviesListRepository.swift */; };
		EB28B5F12B655684003DA6D1 /* Container+AppDependencies.swift in Sources */ = {isa = PBXBuildFile; fileRef = EB28B5F02B655684003DA6D1 /* Container+AppDependencies.swift */; };
		EB28B5F32B655757003DA6D1 /* MoviesListRepositoryImp.swift in Sources */ = {isa = PBXBuildFile; fileRef = EB28B5F22B655757003DA6D1 /* MoviesListRepositoryImp.swift */; };
		EB28B5F52B6557B0003DA6D1 /* MoviesListsEndPoint.swift in Sources */ = {isa = PBXBuildFile; fileRef = EB28B5F42B6557B0003DA6D1 /* MoviesListsEndPoint.swift */; };
		EB28B5F82B6557DC003DA6D1 /* ProductListDTO.swift in Sources */ = {isa = PBXBuildFile; fileRef = EB28B5F72B6557DC003DA6D1 /* ProductListDTO.swift */; };
		EB5E64712B658E39002CF03F /* AppConfiguration.swift in Sources */ = {isa = PBXBuildFile; fileRef = EB5E64702B658E39002CF03F /* AppConfiguration.swift */; };
		EB5E64752B659931002CF03F /* SkeletonView in Frameworks */ = {isa = PBXBuildFile; productRef = EB5E64742B659931002CF03F /* SkeletonView */; };
		EBB4209B2B663F5700FCB6D1 /* EmptyView.swift in Sources */ = {isa = PBXBuildFile; fileRef = EBB4209A2B663F5700FCB6D1 /* EmptyView.swift */; };
		EBB4209D2B663F7F00FCB6D1 /* EmptyView.xib in Resources */ = {isa = PBXBuildFile; fileRef = EBB4209C2B663F7F00FCB6D1 /* EmptyView.xib */; };
		EBB4209F2B663FB800FCB6D1 /* UIView+Extension.swift in Sources */ = {isa = PBXBuildFile; fileRef = EBB4209E2B663FB800FCB6D1 /* UIView+Extension.swift */; };
		EBFC714F2B66436100E59D75 /* MovieViewModel.swift in Sources */ = {isa = PBXBuildFile; fileRef = EBFC714E2B66436100E59D75 /* MovieViewModel.swift */; };
		EBFC71542B665AE800E59D75 /* MovieDetailsRepository.swift in Sources */ = {isa = PBXBuildFile; fileRef = EBFC71532B665AE800E59D75 /* MovieDetailsRepository.swift */; };
		EBFC71562B665B2900E59D75 /* MovieDetails.swift in Sources */ = {isa = PBXBuildFile; fileRef = EBFC71552B665B2900E59D75 /* MovieDetails.swift */; };
		EBFC71582B665B6100E59D75 /* FetchMovieDetailsUseCase.swift in Sources */ = {isa = PBXBuildFile; fileRef = EBFC71572B665B6100E59D75 /* FetchMovieDetailsUseCase.swift */; };
		EBFC715B2B665E0300E59D75 /* MovieDetailsDTO.swift in Sources */ = {isa = PBXBuildFile; fileRef = EBFC715A2B665E0300E59D75 /* MovieDetailsDTO.swift */; };
		EBFC715E2B665E9A00E59D75 /* MovieDetailsRepositoryImp.swift in Sources */ = {isa = PBXBuildFile; fileRef = EBFC715D2B665E9A00E59D75 /* MovieDetailsRepositoryImp.swift */; };
		EBFC71612B665EFC00E59D75 /* MovieDetailsEndPoint.swift in Sources */ = {isa = PBXBuildFile; fileRef = EBFC71602B665EFC00E59D75 /* MovieDetailsEndPoint.swift */; };
		EBFC71632B66628600E59D75 /* MovieDetailsModel.swift in Sources */ = {isa = PBXBuildFile; fileRef = EBFC71622B66628600E59D75 /* MovieDetailsModel.swift */; };
		EBFC71672B66643E00E59D75 /* DateUtils.swift in Sources */ = {isa = PBXBuildFile; fileRef = EBFC71662B66643E00E59D75 /* DateUtils.swift */; };
/* End PBXBuildFile section */

/* Begin PBXContainerItemProxy section */
		EB28B5652B651437003DA6D1 /* PBXContainerItemProxy */ = {
			isa = PBXContainerItemProxy;
			containerPortal = EB28B5462B651435003DA6D1 /* Project object */;
			proxyType = 1;
			remoteGlobalIDString = EB28B54D2B651435003DA6D1;
			remoteInfo = TMDB;
		};
		EB28B56F2B651437003DA6D1 /* PBXContainerItemProxy */ = {
			isa = PBXContainerItemProxy;
			containerPortal = EB28B5462B651435003DA6D1 /* Project object */;
			proxyType = 1;
			remoteGlobalIDString = EB28B54D2B651435003DA6D1;
			remoteInfo = TMDB;
		};
/* End PBXContainerItemProxy section */

/* Begin PBXFileReference section */
		EB28B54E2B651435003DA6D1 /* TMDB.app */ = {isa = PBXFileReference; explicitFileType = wrapper.application; includeInIndex = 0; path = TMDB.app; sourceTree = BUILT_PRODUCTS_DIR; };
		EB28B5512B651435003DA6D1 /* AppDelegate.swift */ = {isa = PBXFileReference; lastKnownFileType = sourcecode.swift; path = AppDelegate.swift; sourceTree = "<group>"; };
		EB28B5532B651435003DA6D1 /* SceneDelegate.swift */ = {isa = PBXFileReference; lastKnownFileType = sourcecode.swift; path = SceneDelegate.swift; sourceTree = "<group>"; };
		EB28B55A2B651437003DA6D1 /* Assets.xcassets */ = {isa = PBXFileReference; lastKnownFileType = folder.assetcatalog; path = Assets.xcassets; sourceTree = "<group>"; };
		EB28B55D2B651437003DA6D1 /* Base */ = {isa = PBXFileReference; lastKnownFileType = file.storyboard; name = Base; path = Base.lproj/LaunchScreen.storyboard; sourceTree = "<group>"; };
		EB28B55F2B651437003DA6D1 /* Info.plist */ = {isa = PBXFileReference; lastKnownFileType = text.plist.xml; path = Info.plist; sourceTree = "<group>"; };
		EB28B5642B651437003DA6D1 /* TMDBTests.xctest */ = {isa = PBXFileReference; explicitFileType = wrapper.cfbundle; includeInIndex = 0; path = TMDBTests.xctest; sourceTree = BUILT_PRODUCTS_DIR; };
		EB28B5682B651437003DA6D1 /* TMDBTests.swift */ = {isa = PBXFileReference; lastKnownFileType = sourcecode.swift; path = TMDBTests.swift; sourceTree = "<group>"; };
		EB28B56E2B651437003DA6D1 /* TMDBUITests.xctest */ = {isa = PBXFileReference; explicitFileType = wrapper.cfbundle; includeInIndex = 0; path = TMDBUITests.xctest; sourceTree = BUILT_PRODUCTS_DIR; };
		EB28B5722B651437003DA6D1 /* TMDBUITests.swift */ = {isa = PBXFileReference; lastKnownFileType = sourcecode.swift; path = TMDBUITests.swift; sourceTree = "<group>"; };
		EB28B5742B651437003DA6D1 /* TMDBUITestsLaunchTests.swift */ = {isa = PBXFileReference; lastKnownFileType = sourcecode.swift; path = TMDBUITestsLaunchTests.swift; sourceTree = "<group>"; };
		EB28B5912B651A6D003DA6D1 /* Container+NetworkService.swift */ = {isa = PBXFileReference; lastKnownFileType = sourcecode.swift; path = "Container+NetworkService.swift"; sourceTree = "<group>"; };
		EB28B5942B651A9A003DA6D1 /* Configuration.swift */ = {isa = PBXFileReference; lastKnownFileType = sourcecode.swift; path = Configuration.swift; sourceTree = "<group>"; };
		EB28B5962B651AE4003DA6D1 /* Config.xcconfig */ = {isa = PBXFileReference; lastKnownFileType = text.xcconfig; path = Config.xcconfig; sourceTree = "<group>"; };
		EB28B59F2B651DAA003DA6D1 /* AppCoordinator.swift */ = {isa = PBXFileReference; lastKnownFileType = sourcecode.swift; path = AppCoordinator.swift; sourceTree = "<group>"; };
		EB28B5B52B653A03003DA6D1 /* NetworkService.swift */ = {isa = PBXFileReference; fileEncoding = 4; lastKnownFileType = sourcecode.swift; path = NetworkService.swift; sourceTree = "<group>"; };
		EB28B5B62B653A03003DA6D1 /* HTTPMethod.swift */ = {isa = PBXFileReference; fileEncoding = 4; lastKnownFileType = sourcecode.swift; path = HTTPMethod.swift; sourceTree = "<group>"; };
		EB28B5B72B653A03003DA6D1 /* EndPoint.swift */ = {isa = PBXFileReference; fileEncoding = 4; lastKnownFileType = sourcecode.swift; path = EndPoint.swift; sourceTree = "<group>"; };
		EB28B5B82B653A03003DA6D1 /* NetworkConfigurable.swift */ = {isa = PBXFileReference; fileEncoding = 4; lastKnownFileType = sourcecode.swift; path = NetworkConfigurable.swift; sourceTree = "<group>"; };
		EB28B5B92B653A03003DA6D1 /* DataTransferService.swift */ = {isa = PBXFileReference; fileEncoding = 4; lastKnownFileType = sourcecode.swift; path = DataTransferService.swift; sourceTree = "<group>"; };
		EB28B5C52B65412A003DA6D1 /* MoviesListViewModelType.swift */ = {isa = PBXFileReference; lastKnownFileType = sourcecode.swift; path = MoviesListViewModelType.swift; sourceTree = "<group>"; };
		EB28B5C62B65412A003DA6D1 /* MoviesListViewController.swift */ = {isa = PBXFileReference; lastKnownFileType = sourcecode.swift; path = MoviesListViewController.swift; sourceTree = "<group>"; };
		EB28B5C72B65412A003DA6D1 /* MoviesListViewModel.swift */ = {isa = PBXFileReference; lastKnownFileType = sourcecode.swift; path = MoviesListViewModel.swift; sourceTree = "<group>"; };
		EB28B5C82B65412A003DA6D1 /* MoviesListViewController.xib */ = {isa = PBXFileReference; lastKnownFileType = file.xib; path = MoviesListViewController.xib; sourceTree = "<group>"; };
		EB28B5CD2B65413F003DA6D1 /* MovieDetailsViewModelType.swift */ = {isa = PBXFileReference; lastKnownFileType = sourcecode.swift; path = MovieDetailsViewModelType.swift; sourceTree = "<group>"; };
		EB28B5CE2B65413F003DA6D1 /* MovieDetailsViewController.swift */ = {isa = PBXFileReference; lastKnownFileType = sourcecode.swift; path = MovieDetailsViewController.swift; sourceTree = "<group>"; };
		EB28B5CF2B65413F003DA6D1 /* MovieDetailsViewModel.swift */ = {isa = PBXFileReference; lastKnownFileType = sourcecode.swift; path = MovieDetailsViewModel.swift; sourceTree = "<group>"; };
		EB28B5D02B65413F003DA6D1 /* MovieDetailsViewController.xib */ = {isa = PBXFileReference; lastKnownFileType = file.xib; path = MovieDetailsViewController.xib; sourceTree = "<group>"; };
		EB28B5DD2B655133003DA6D1 /* MoviesListTableViewCell.swift */ = {isa = PBXFileReference; lastKnownFileType = sourcecode.swift; path = MoviesListTableViewCell.swift; sourceTree = "<group>"; };
		EB28B5DE2B655133003DA6D1 /* MoviesListTableViewCell.xib */ = {isa = PBXFileReference; lastKnownFileType = file.xib; path = MoviesListTableViewCell.xib; sourceTree = "<group>"; };
		EB28B5E22B65516A003DA6D1 /* UITableView+Extension.swift */ = {isa = PBXFileReference; lastKnownFileType = sourcecode.swift; path = "UITableView+Extension.swift"; sourceTree = "<group>"; };
		EB28B5E42B65517B003DA6D1 /* UITableViewCell+Extension.swift */ = {isa = PBXFileReference; lastKnownFileType = sourcecode.swift; path = "UITableViewCell+Extension.swift"; sourceTree = "<group>"; };
		EB28B5E72B655435003DA6D1 /* Movie.swift */ = {isa = PBXFileReference; lastKnownFileType = sourcecode.swift; path = Movie.swift; sourceTree = "<group>"; };
		EB28B5EA2B6554E7003DA6D1 /* FetchMoviesListUseCase.swift */ = {isa = PBXFileReference; lastKnownFileType = sourcecode.swift; path = FetchMoviesListUseCase.swift; sourceTree = "<group>"; };
		EB28B5ED2B6555D4003DA6D1 /* MoviesListRepository.swift */ = {isa = PBXFileReference; lastKnownFileType = sourcecode.swift; path = MoviesListRepository.swift; sourceTree = "<group>"; };
		EB28B5F02B655684003DA6D1 /* Container+AppDependencies.swift */ = {isa = PBXFileReference; lastKnownFileType = sourcecode.swift; path = "Container+AppDependencies.swift"; sourceTree = "<group>"; };
		EB28B5F22B655757003DA6D1 /* MoviesListRepositoryImp.swift */ = {isa = PBXFileReference; lastKnownFileType = sourcecode.swift; path = MoviesListRepositoryImp.swift; sourceTree = "<group>"; };
		EB28B5F42B6557B0003DA6D1 /* MoviesListsEndPoint.swift */ = {isa = PBXFileReference; lastKnownFileType = sourcecode.swift; path = MoviesListsEndPoint.swift; sourceTree = "<group>"; };
		EB28B5F72B6557DC003DA6D1 /* ProductListDTO.swift */ = {isa = PBXFileReference; lastKnownFileType = sourcecode.swift; path = ProductListDTO.swift; sourceTree = "<group>"; };
		EB5E64702B658E39002CF03F /* AppConfiguration.swift */ = {isa = PBXFileReference; lastKnownFileType = sourcecode.swift; path = AppConfiguration.swift; sourceTree = "<group>"; };
		EBB4209A2B663F5700FCB6D1 /* EmptyView.swift */ = {isa = PBXFileReference; lastKnownFileType = sourcecode.swift; path = EmptyView.swift; sourceTree = "<group>"; };
		EBB4209C2B663F7F00FCB6D1 /* EmptyView.xib */ = {isa = PBXFileReference; lastKnownFileType = file.xib; path = EmptyView.xib; sourceTree = "<group>"; };
		EBB4209E2B663FB800FCB6D1 /* UIView+Extension.swift */ = {isa = PBXFileReference; lastKnownFileType = sourcecode.swift; path = "UIView+Extension.swift"; sourceTree = "<group>"; };
		EBFC714E2B66436100E59D75 /* MovieViewModel.swift */ = {isa = PBXFileReference; lastKnownFileType = sourcecode.swift; path = MovieViewModel.swift; sourceTree = "<group>"; };
		EBFC71532B665AE800E59D75 /* MovieDetailsRepository.swift */ = {isa = PBXFileReference; lastKnownFileType = sourcecode.swift; path = MovieDetailsRepository.swift; sourceTree = "<group>"; };
		EBFC71552B665B2900E59D75 /* MovieDetails.swift */ = {isa = PBXFileReference; lastKnownFileType = sourcecode.swift; path = MovieDetails.swift; sourceTree = "<group>"; };
		EBFC71572B665B6100E59D75 /* FetchMovieDetailsUseCase.swift */ = {isa = PBXFileReference; lastKnownFileType = sourcecode.swift; path = FetchMovieDetailsUseCase.swift; sourceTree = "<group>"; };
		EBFC715A2B665E0300E59D75 /* MovieDetailsDTO.swift */ = {isa = PBXFileReference; lastKnownFileType = sourcecode.swift; path = MovieDetailsDTO.swift; sourceTree = "<group>"; };
		EBFC715D2B665E9A00E59D75 /* MovieDetailsRepositoryImp.swift */ = {isa = PBXFileReference; lastKnownFileType = sourcecode.swift; path = MovieDetailsRepositoryImp.swift; sourceTree = "<group>"; };
		EBFC71602B665EFC00E59D75 /* MovieDetailsEndPoint.swift */ = {isa = PBXFileReference; lastKnownFileType = sourcecode.swift; path = MovieDetailsEndPoint.swift; sourceTree = "<group>"; };
		EBFC71622B66628600E59D75 /* MovieDetailsModel.swift */ = {isa = PBXFileReference; lastKnownFileType = sourcecode.swift; path = MovieDetailsModel.swift; sourceTree = "<group>"; };
		EBFC71662B66643E00E59D75 /* DateUtils.swift */ = {isa = PBXFileReference; lastKnownFileType = sourcecode.swift; path = DateUtils.swift; sourceTree = "<group>"; };
/* End PBXFileReference section */

/* Begin PBXFrameworksBuildPhase section */
		EB28B54B2B651435003DA6D1 /* Frameworks */ = {
			isa = PBXFrameworksBuildPhase;
			buildActionMask = 2147483647;
			files = (
				EB28B5DA2B654EFC003DA6D1 /* Kingfisher in Frameworks */,
				EB5E64752B659931002CF03F /* SkeletonView in Frameworks */,
				EB28B5AA2B652DE1003DA6D1 /* Factory in Frameworks */,
			);
			runOnlyForDeploymentPostprocessing = 0;
		};
		EB28B5612B651437003DA6D1 /* Frameworks */ = {
			isa = PBXFrameworksBuildPhase;
			buildActionMask = 2147483647;
			files = (
			);
			runOnlyForDeploymentPostprocessing = 0;
		};
		EB28B56B2B651437003DA6D1 /* Frameworks */ = {
			isa = PBXFrameworksBuildPhase;
			buildActionMask = 2147483647;
			files = (
			);
			runOnlyForDeploymentPostprocessing = 0;
		};
/* End PBXFrameworksBuildPhase section */

/* Begin PBXGroup section */
		EB28B5452B651435003DA6D1 = {
			isa = PBXGroup;
			children = (
				EB28B5502B651435003DA6D1 /* TMDB */,
				EB28B5672B651437003DA6D1 /* TMDBTests */,
				EB28B5712B651437003DA6D1 /* TMDBUITests */,
				EB28B54F2B651435003DA6D1 /* Products */,
				EB28B59A2B651B98003DA6D1 /* Frameworks */,
			);
			sourceTree = "<group>";
		};
		EB28B54F2B651435003DA6D1 /* Products */ = {
			isa = PBXGroup;
			children = (
				EB28B54E2B651435003DA6D1 /* TMDB.app */,
				EB28B5642B651437003DA6D1 /* TMDBTests.xctest */,
				EB28B56E2B651437003DA6D1 /* TMDBUITests.xctest */,
			);
			name = Products;
			sourceTree = "<group>";
		};
		EB28B5502B651435003DA6D1 /* TMDB */ = {
			isa = PBXGroup;
			children = (
				EB28B58C2B651572003DA6D1 /* Resources */,
				EB28B58B2B65156E003DA6D1 /* Application */,
				EB28B58A2B651565003DA6D1 /* Infrastructure */,
				EB28B5892B65155C003DA6D1 /* Modules */,
			);
			path = TMDB;
			sourceTree = "<group>";
		};
		EB28B5672B651437003DA6D1 /* TMDBTests */ = {
			isa = PBXGroup;
			children = (
				EB28B5682B651437003DA6D1 /* TMDBTests.swift */,
			);
			path = TMDBTests;
			sourceTree = "<group>";
		};
		EB28B5712B651437003DA6D1 /* TMDBUITests */ = {
			isa = PBXGroup;
			children = (
				EB28B5722B651437003DA6D1 /* TMDBUITests.swift */,
				EB28B5742B651437003DA6D1 /* TMDBUITestsLaunchTests.swift */,
			);
			path = TMDBUITests;
			sourceTree = "<group>";
		};
		EB28B5872B651537003DA6D1 /* MoviesList */ = {
			isa = PBXGroup;
			children = (
				EB28B5A52B651F4D003DA6D1 /* Domain */,
				EB28B5A62B651F54003DA6D1 /* Data */,
				EB28B5A72B651F5B003DA6D1 /* Presentation */,
			);
			path = MoviesList;
			sourceTree = "<group>";
		};
		EB28B5882B651550003DA6D1 /* MovieDetails */ = {
			isa = PBXGroup;
			children = (
				EB28B5A12B651F2D003DA6D1 /* Domain */,
				EB28B5A22B651F32003DA6D1 /* Data */,
				EB28B5A32B651F3A003DA6D1 /* Presentation */,
			);
			path = MovieDetails;
			sourceTree = "<group>";
		};
		EB28B5892B65155C003DA6D1 /* Modules */ = {
			isa = PBXGroup;
			children = (
				EBB420982B663F3300FCB6D1 /* Common */,
				EB28B5872B651537003DA6D1 /* MoviesList */,
				EB28B5882B651550003DA6D1 /* MovieDetails */,
			);
			path = Modules;
			sourceTree = "<group>";
		};
		EB28B58A2B651565003DA6D1 /* Infrastructure */ = {
			isa = PBXGroup;
			children = (
				EBFC71652B66641D00E59D75 /* Utils */,
				EB28B5EF2B65566B003DA6D1 /* Dependencies */,
				EB28B5E12B65513F003DA6D1 /* Extensions */,
				EB28B5B42B6539C7003DA6D1 /* NetworkService */,
				EB28B5932B651A8A003DA6D1 /* Configuration */,
			);
			path = Infrastructure;
			sourceTree = "<group>";
		};
		EB28B58B2B65156E003DA6D1 /* Application */ = {
			isa = PBXGroup;
			children = (
				EB28B5512B651435003DA6D1 /* AppDelegate.swift */,
				EB28B5532B651435003DA6D1 /* SceneDelegate.swift */,
				EB28B59F2B651DAA003DA6D1 /* AppCoordinator.swift */,
			);
			path = Application;
			sourceTree = "<group>";
		};
		EB28B58C2B651572003DA6D1 /* Resources */ = {
			isa = PBXGroup;
			children = (
				EB28B55F2B651437003DA6D1 /* Info.plist */,
				EB28B55A2B651437003DA6D1 /* Assets.xcassets */,
				EB28B55C2B651437003DA6D1 /* LaunchScreen.storyboard */,
			);
			path = Resources;
			sourceTree = "<group>";
		};
		EB28B5932B651A8A003DA6D1 /* Configuration */ = {
			isa = PBXGroup;
			children = (
				EB5E64702B658E39002CF03F /* AppConfiguration.swift */,
				EB28B5942B651A9A003DA6D1 /* Configuration.swift */,
				EB28B5962B651AE4003DA6D1 /* Config.xcconfig */,
			);
			path = Configuration;
			sourceTree = "<group>";
		};
		EB28B59A2B651B98003DA6D1 /* Frameworks */ = {
			isa = PBXGroup;
			children = (
			);
			name = Frameworks;
			sourceTree = "<group>";
		};
		EB28B5A12B651F2D003DA6D1 /* Domain */ = {
			isa = PBXGroup;
			children = (
				EBFC71522B665ACE00E59D75 /* RepositoryProtocol */,
				EBFC71512B665AC300E59D75 /* UseCase */,
				EBFC71502B665ABB00E59D75 /* Entity */,
			);
			path = Domain;
			sourceTree = "<group>";
		};
		EB28B5A22B651F32003DA6D1 /* Data */ = {
			isa = PBXGroup;
			children = (
				EBFC715F2B665EEE00E59D75 /* DataSource */,
				EBFC715C2B665E7D00E59D75 /* Repositories */,
				EBFC71592B665DF800E59D75 /* DTO */,
			);
			path = Data;
			sourceTree = "<group>";
		};
		EB28B5A32B651F3A003DA6D1 /* Presentation */ = {
			isa = PBXGroup;
			children = (
				EB28B5CE2B65413F003DA6D1 /* MovieDetailsViewController.swift */,
				EB28B5D02B65413F003DA6D1 /* MovieDetailsViewController.xib */,
				EB28B5CF2B65413F003DA6D1 /* MovieDetailsViewModel.swift */,
				EB28B5CD2B65413F003DA6D1 /* MovieDetailsViewModelType.swift */,
				EBFC71622B66628600E59D75 /* MovieDetailsModel.swift */,
			);
			path = Presentation;
			sourceTree = "<group>";
		};
		EB28B5A52B651F4D003DA6D1 /* Domain */ = {
			isa = PBXGroup;
			children = (
				EB28B5EC2B65551A003DA6D1 /* RepositoryProtocol */,
				EB28B5E92B6554BF003DA6D1 /* UseCase */,
				EB28B5E62B65542D003DA6D1 /* Entity */,
			);
			path = Domain;
			sourceTree = "<group>";
		};
		EB28B5A62B651F54003DA6D1 /* Data */ = {
			isa = PBXGroup;
			children = (
				EB28B5D52B6544F8003DA6D1 /* Repositories */,
				EB28B5D72B654526003DA6D1 /* DataSource */,
				EB28B5F62B6557CC003DA6D1 /* DTO */,
			);
			path = Data;
			sourceTree = "<group>";
		};
		EB28B5A72B651F5B003DA6D1 /* Presentation */ = {
			isa = PBXGroup;
			children = (
				EB28B5C62B65412A003DA6D1 /* MoviesListViewController.swift */,
				EB28B5C82B65412A003DA6D1 /* MoviesListViewController.xib */,
				EB28B5C72B65412A003DA6D1 /* MoviesListViewModel.swift */,
				EB28B5C52B65412A003DA6D1 /* MoviesListViewModelType.swift */,
				EBFC714E2B66436100E59D75 /* MovieViewModel.swift */,
				EB28B5DB2B655100003DA6D1 /* Cells */,
			);
			path = Presentation;
			sourceTree = "<group>";
		};
		EB28B5B42B6539C7003DA6D1 /* NetworkService */ = {
			isa = PBXGroup;
			children = (
				EB28B5912B651A6D003DA6D1 /* Container+NetworkService.swift */,
				EB28B5B92B653A03003DA6D1 /* DataTransferService.swift */,
				EB28B5B72B653A03003DA6D1 /* EndPoint.swift */,
				EB28B5B62B653A03003DA6D1 /* HTTPMethod.swift */,
				EB28B5B82B653A03003DA6D1 /* NetworkConfigurable.swift */,
				EB28B5B52B653A03003DA6D1 /* NetworkService.swift */,
			);
			path = NetworkService;
			sourceTree = "<group>";
		};
		EB28B5D52B6544F8003DA6D1 /* Repositories */ = {
			isa = PBXGroup;
			children = (
				EB28B5F22B655757003DA6D1 /* MoviesListRepositoryImp.swift */,
			);
			path = Repositories;
			sourceTree = "<group>";
		};
		EB28B5D72B654526003DA6D1 /* DataSource */ = {
			isa = PBXGroup;
			children = (
				EB28B5F42B6557B0003DA6D1 /* MoviesListsEndPoint.swift */,
			);
			path = DataSource;
			sourceTree = "<group>";
		};
		EB28B5DB2B655100003DA6D1 /* Cells */ = {
			isa = PBXGroup;
			children = (
				EB28B5DC2B655104003DA6D1 /* MoviesListTableViewCell */,
			);
			path = Cells;
			sourceTree = "<group>";
		};
		EB28B5DC2B655104003DA6D1 /* MoviesListTableViewCell */ = {
			isa = PBXGroup;
			children = (
				EB28B5DD2B655133003DA6D1 /* MoviesListTableViewCell.swift */,
				EB28B5DE2B655133003DA6D1 /* MoviesListTableViewCell.xib */,
			);
			path = MoviesListTableViewCell;
			sourceTree = "<group>";
		};
		EB28B5E12B65513F003DA6D1 /* Extensions */ = {
			isa = PBXGroup;
			children = (
				EB28B5E22B65516A003DA6D1 /* UITableView+Extension.swift */,
				EB28B5E42B65517B003DA6D1 /* UITableViewCell+Extension.swift */,
				EBB4209E2B663FB800FCB6D1 /* UIView+Extension.swift */,
			);
			path = Extensions;
			sourceTree = "<group>";
		};
		EB28B5E62B65542D003DA6D1 /* Entity */ = {
			isa = PBXGroup;
			children = (
				EB28B5E72B655435003DA6D1 /* Movie.swift */,
			);
			path = Entity;
			sourceTree = "<group>";
		};
		EB28B5E92B6554BF003DA6D1 /* UseCase */ = {
			isa = PBXGroup;
			children = (
				EB28B5EA2B6554E7003DA6D1 /* FetchMoviesListUseCase.swift */,
			);
			path = UseCase;
			sourceTree = "<group>";
		};
		EB28B5EC2B65551A003DA6D1 /* RepositoryProtocol */ = {
			isa = PBXGroup;
			children = (
				EB28B5ED2B6555D4003DA6D1 /* MoviesListRepository.swift */,
			);
			path = RepositoryProtocol;
			sourceTree = "<group>";
		};
		EB28B5EF2B65566B003DA6D1 /* Dependencies */ = {
			isa = PBXGroup;
			children = (
				EB28B5F02B655684003DA6D1 /* Container+AppDependencies.swift */,
			);
			path = Dependencies;
			sourceTree = "<group>";
		};
		EB28B5F62B6557CC003DA6D1 /* DTO */ = {
			isa = PBXGroup;
			children = (
				EB28B5F72B6557DC003DA6D1 /* ProductListDTO.swift */,
			);
			path = DTO;
			sourceTree = "<group>";
		};
		EBB420982B663F3300FCB6D1 /* Common */ = {
			isa = PBXGroup;
			children = (
				EBB420992B663F3800FCB6D1 /* EmptyView */,
			);
			path = Common;
			sourceTree = "<group>";
		};
		EBB420992B663F3800FCB6D1 /* EmptyView */ = {
			isa = PBXGroup;
			children = (
				EBB4209A2B663F5700FCB6D1 /* EmptyView.swift */,
				EBB4209C2B663F7F00FCB6D1 /* EmptyView.xib */,
			);
			path = EmptyView;
			sourceTree = "<group>";
		};
		EBFC71502B665ABB00E59D75 /* Entity */ = {
			isa = PBXGroup;
			children = (
				EBFC71552B665B2900E59D75 /* MovieDetails.swift */,
			);
			path = Entity;
			sourceTree = "<group>";
		};
		EBFC71512B665AC300E59D75 /* UseCase */ = {
			isa = PBXGroup;
			children = (
				EBFC71572B665B6100E59D75 /* FetchMovieDetailsUseCase.swift */,
			);
			path = UseCase;
			sourceTree = "<group>";
		};
		EBFC71522B665ACE00E59D75 /* RepositoryProtocol */ = {
			isa = PBXGroup;
			children = (
				EBFC71532B665AE800E59D75 /* MovieDetailsRepository.swift */,
			);
			path = RepositoryProtocol;
			sourceTree = "<group>";
		};
		EBFC71592B665DF800E59D75 /* DTO */ = {
			isa = PBXGroup;
			children = (
				EBFC715A2B665E0300E59D75 /* MovieDetailsDTO.swift */,
			);
			path = DTO;
			sourceTree = "<group>";
		};
		EBFC715C2B665E7D00E59D75 /* Repositories */ = {
			isa = PBXGroup;
			children = (
				EBFC715D2B665E9A00E59D75 /* MovieDetailsRepositoryImp.swift */,
			);
			path = Repositories;
			sourceTree = "<group>";
		};
		EBFC715F2B665EEE00E59D75 /* DataSource */ = {
			isa = PBXGroup;
			children = (
				EBFC71602B665EFC00E59D75 /* MovieDetailsEndPoint.swift */,
			);
			path = DataSource;
			sourceTree = "<group>";
		};
		EBFC71652B66641D00E59D75 /* Utils */ = {
			isa = PBXGroup;
			children = (
				EBFC71662B66643E00E59D75 /* DateUtils.swift */,
			);
			path = Utils;
			sourceTree = "<group>";
		};
/* End PBXGroup section */

/* Begin PBXNativeTarget section */
		EB28B54D2B651435003DA6D1 /* TMDB */ = {
			isa = PBXNativeTarget;
			buildConfigurationList = EB28B5782B651437003DA6D1 /* Build configuration list for PBXNativeTarget "TMDB" */;
			buildPhases = (
				EB28B54A2B651435003DA6D1 /* Sources */,
				EB28B54B2B651435003DA6D1 /* Frameworks */,
				EB28B54C2B651435003DA6D1 /* Resources */,
			);
			buildRules = (
			);
			dependencies = (
			);
			name = TMDB;
			packageProductDependencies = (
				EB28B5A92B652DE1003DA6D1 /* Factory */,
				EB28B5D92B654EFC003DA6D1 /* Kingfisher */,
				EB5E64742B659931002CF03F /* SkeletonView */,
			);
			productName = TMDB;
			productReference = EB28B54E2B651435003DA6D1 /* TMDB.app */;
			productType = "com.apple.product-type.application";
		};
		EB28B5632B651437003DA6D1 /* TMDBTests */ = {
			isa = PBXNativeTarget;
			buildConfigurationList = EB28B57B2B651437003DA6D1 /* Build configuration list for PBXNativeTarget "TMDBTests" */;
			buildPhases = (
				EB28B5602B651437003DA6D1 /* Sources */,
				EB28B5612B651437003DA6D1 /* Frameworks */,
				EB28B5622B651437003DA6D1 /* Resources */,
			);
			buildRules = (
			);
			dependencies = (
				EB28B5662B651437003DA6D1 /* PBXTargetDependency */,
			);
			name = TMDBTests;
			productName = TMDBTests;
			productReference = EB28B5642B651437003DA6D1 /* TMDBTests.xctest */;
			productType = "com.apple.product-type.bundle.unit-test";
		};
		EB28B56D2B651437003DA6D1 /* TMDBUITests */ = {
			isa = PBXNativeTarget;
			buildConfigurationList = EB28B57E2B651437003DA6D1 /* Build configuration list for PBXNativeTarget "TMDBUITests" */;
			buildPhases = (
				EB28B56A2B651437003DA6D1 /* Sources */,
				EB28B56B2B651437003DA6D1 /* Frameworks */,
				EB28B56C2B651437003DA6D1 /* Resources */,
			);
			buildRules = (
			);
			dependencies = (
				EB28B5702B651437003DA6D1 /* PBXTargetDependency */,
			);
			name = TMDBUITests;
			productName = TMDBUITests;
			productReference = EB28B56E2B651437003DA6D1 /* TMDBUITests.xctest */;
			productType = "com.apple.product-type.bundle.ui-testing";
		};
/* End PBXNativeTarget section */

/* Begin PBXProject section */
		EB28B5462B651435003DA6D1 /* Project object */ = {
			isa = PBXProject;
			attributes = {
				BuildIndependentTargetsInParallel = 1;
				LastSwiftUpdateCheck = 1500;
				LastUpgradeCheck = 1500;
				TargetAttributes = {
					EB28B54D2B651435003DA6D1 = {
						CreatedOnToolsVersion = 15.0.1;
					};
					EB28B5632B651437003DA6D1 = {
						CreatedOnToolsVersion = 15.0.1;
						TestTargetID = EB28B54D2B651435003DA6D1;
					};
					EB28B56D2B651437003DA6D1 = {
						CreatedOnToolsVersion = 15.0.1;
						TestTargetID = EB28B54D2B651435003DA6D1;
					};
				};
			};
			buildConfigurationList = EB28B5492B651435003DA6D1 /* Build configuration list for PBXProject "TMDB" */;
			compatibilityVersion = "Xcode 14.0";
			developmentRegion = en;
			hasScannedForEncodings = 0;
			knownRegions = (
				en,
				Base,
			);
			mainGroup = EB28B5452B651435003DA6D1;
			packageReferences = (
				EB28B5A82B652DE1003DA6D1 /* XCRemoteSwiftPackageReference "Factory" */,
				EB28B5D82B654EFC003DA6D1 /* XCRemoteSwiftPackageReference "Kingfisher" */,
				EB5E64732B659931002CF03F /* XCRemoteSwiftPackageReference "SkeletonView" */,
			);
			productRefGroup = EB28B54F2B651435003DA6D1 /* Products */;
			projectDirPath = "";
			projectRoot = "";
			targets = (
				EB28B54D2B651435003DA6D1 /* TMDB */,
				EB28B5632B651437003DA6D1 /* TMDBTests */,
				EB28B56D2B651437003DA6D1 /* TMDBUITests */,
			);
		};
/* End PBXProject section */

/* Begin PBXResourcesBuildPhase section */
		EB28B54C2B651435003DA6D1 /* Resources */ = {
			isa = PBXResourcesBuildPhase;
			buildActionMask = 2147483647;
			files = (
				EB28B5E02B655133003DA6D1 /* MoviesListTableViewCell.xib in Resources */,
				EB28B5D42B65413F003DA6D1 /* MovieDetailsViewController.xib in Resources */,
				EB28B55E2B651437003DA6D1 /* LaunchScreen.storyboard in Resources */,
				EB28B55B2B651437003DA6D1 /* Assets.xcassets in Resources */,
				EBB4209D2B663F7F00FCB6D1 /* EmptyView.xib in Resources */,
				EB28B5CC2B65412A003DA6D1 /* MoviesListViewController.xib in Resources */,
			);
			runOnlyForDeploymentPostprocessing = 0;
		};
		EB28B5622B651437003DA6D1 /* Resources */ = {
			isa = PBXResourcesBuildPhase;
			buildActionMask = 2147483647;
			files = (
			);
			runOnlyForDeploymentPostprocessing = 0;
		};
		EB28B56C2B651437003DA6D1 /* Resources */ = {
			isa = PBXResourcesBuildPhase;
			buildActionMask = 2147483647;
			files = (
			);
			runOnlyForDeploymentPostprocessing = 0;
		};
/* End PBXResourcesBuildPhase section */

/* Begin PBXSourcesBuildPhase section */
		EB28B54A2B651435003DA6D1 /* Sources */ = {
			isa = PBXSourcesBuildPhase;
			buildActionMask = 2147483647;
			files = (
				EBFC71632B66628600E59D75 /* MovieDetailsModel.swift in Sources */,
				EB28B5BD2B653A03003DA6D1 /* NetworkConfigurable.swift in Sources */,
				EBB4209F2B663FB800FCB6D1 /* UIView+Extension.swift in Sources */,
				EB28B5922B651A6D003DA6D1 /* Container+NetworkService.swift in Sources */,
				EB28B5952B651A9A003DA6D1 /* Configuration.swift in Sources */,
				EB28B5BC2B653A03003DA6D1 /* EndPoint.swift in Sources */,
				EBFC71582B665B6100E59D75 /* FetchMovieDetailsUseCase.swift in Sources */,
				EB28B5D12B65413F003DA6D1 /* MovieDetailsViewModelType.swift in Sources */,
				EB28B5F82B6557DC003DA6D1 /* ProductListDTO.swift in Sources */,
				EBFC715E2B665E9A00E59D75 /* MovieDetailsRepositoryImp.swift in Sources */,
				EB28B5F32B655757003DA6D1 /* MoviesListRepositoryImp.swift in Sources */,
				EB28B5D22B65413F003DA6D1 /* MovieDetailsViewController.swift in Sources */,
				EB28B5BE2B653A03003DA6D1 /* DataTransferService.swift in Sources */,
				EB5E64712B658E39002CF03F /* AppConfiguration.swift in Sources */,
				EB28B5E52B65517B003DA6D1 /* UITableViewCell+Extension.swift in Sources */,
				EB28B5DF2B655133003DA6D1 /* MoviesListTableViewCell.swift in Sources */,
				EBB4209B2B663F5700FCB6D1 /* EmptyView.swift in Sources */,
				EB28B5BB2B653A03003DA6D1 /* HTTPMethod.swift in Sources */,
				EB28B5D32B65413F003DA6D1 /* MovieDetailsViewModel.swift in Sources */,
				EB28B5522B651435003DA6D1 /* AppDelegate.swift in Sources */,
				EB28B5E32B65516A003DA6D1 /* UITableView+Extension.swift in Sources */,
				EBFC71672B66643E00E59D75 /* DateUtils.swift in Sources */,
				EB28B5CB2B65412A003DA6D1 /* MoviesListViewModel.swift in Sources */,
				EBFC71562B665B2900E59D75 /* MovieDetails.swift in Sources */,
				EBFC715B2B665E0300E59D75 /* MovieDetailsDTO.swift in Sources */,
				EB28B5F52B6557B0003DA6D1 /* MoviesListsEndPoint.swift in Sources */,
				EBFC71612B665EFC00E59D75 /* MovieDetailsEndPoint.swift in Sources */,
				EB28B5E82B655435003DA6D1 /* Movie.swift in Sources */,
				EBFC71542B665AE800E59D75 /* MovieDetailsRepository.swift in Sources */,
				EB28B5C92B65412A003DA6D1 /* MoviesListViewModelType.swift in Sources */,
				EB28B5EE2B6555D4003DA6D1 /* MoviesListRepository.swift in Sources */,
				EB28B5A02B651DAA003DA6D1 /* AppCoordinator.swift in Sources */,
				EB28B5BA2B653A03003DA6D1 /* NetworkService.swift in Sources */,
				EBFC714F2B66436100E59D75 /* MovieViewModel.swift in Sources */,
				EB28B5542B651435003DA6D1 /* SceneDelegate.swift in Sources */,
				EB28B5EB2B6554E7003DA6D1 /* FetchMoviesListUseCase.swift in Sources */,
				EB28B5F12B655684003DA6D1 /* Container+AppDependencies.swift in Sources */,
				EB28B5CA2B65412A003DA6D1 /* MoviesListViewController.swift in Sources */,
			);
			runOnlyForDeploymentPostprocessing = 0;
		};
		EB28B5602B651437003DA6D1 /* Sources */ = {
			isa = PBXSourcesBuildPhase;
			buildActionMask = 2147483647;
			files = (
				EB28B5692B651437003DA6D1 /* TMDBTests.swift in Sources */,
			);
			runOnlyForDeploymentPostprocessing = 0;
		};
		EB28B56A2B651437003DA6D1 /* Sources */ = {
			isa = PBXSourcesBuildPhase;
			buildActionMask = 2147483647;
			files = (
				EB28B5732B651437003DA6D1 /* TMDBUITests.swift in Sources */,
				EB28B5752B651437003DA6D1 /* TMDBUITestsLaunchTests.swift in Sources */,
			);
			runOnlyForDeploymentPostprocessing = 0;
		};
/* End PBXSourcesBuildPhase section */

/* Begin PBXTargetDependency section */
		EB28B5662B651437003DA6D1 /* PBXTargetDependency */ = {
			isa = PBXTargetDependency;
			target = EB28B54D2B651435003DA6D1 /* TMDB */;
			targetProxy = EB28B5652B651437003DA6D1 /* PBXContainerItemProxy */;
		};
		EB28B5702B651437003DA6D1 /* PBXTargetDependency */ = {
			isa = PBXTargetDependency;
			target = EB28B54D2B651435003DA6D1 /* TMDB */;
			targetProxy = EB28B56F2B651437003DA6D1 /* PBXContainerItemProxy */;
		};
/* End PBXTargetDependency section */

/* Begin PBXVariantGroup section */
		EB28B55C2B651437003DA6D1 /* LaunchScreen.storyboard */ = {
			isa = PBXVariantGroup;
			children = (
				EB28B55D2B651437003DA6D1 /* Base */,
			);
			name = LaunchScreen.storyboard;
			sourceTree = "<group>";
		};
/* End PBXVariantGroup section */

/* Begin XCBuildConfiguration section */
		EB28B5762B651437003DA6D1 /* Debug */ = {
			isa = XCBuildConfiguration;
			baseConfigurationReference = EB28B5962B651AE4003DA6D1 /* Config.xcconfig */;
			buildSettings = {
				ALWAYS_SEARCH_USER_PATHS = NO;
				ASSETCATALOG_COMPILER_GENERATE_SWIFT_ASSET_SYMBOL_EXTENSIONS = YES;
				CLANG_ANALYZER_NONNULL = YES;
				CLANG_ANALYZER_NUMBER_OBJECT_CONVERSION = YES_AGGRESSIVE;
				CLANG_CXX_LANGUAGE_STANDARD = "gnu++20";
				CLANG_ENABLE_MODULES = YES;
				CLANG_ENABLE_OBJC_ARC = YES;
				CLANG_ENABLE_OBJC_WEAK = YES;
				CLANG_WARN_BLOCK_CAPTURE_AUTORELEASING = YES;
				CLANG_WARN_BOOL_CONVERSION = YES;
				CLANG_WARN_COMMA = YES;
				CLANG_WARN_CONSTANT_CONVERSION = YES;
				CLANG_WARN_DEPRECATED_OBJC_IMPLEMENTATIONS = YES;
				CLANG_WARN_DIRECT_OBJC_ISA_USAGE = YES_ERROR;
				CLANG_WARN_DOCUMENTATION_COMMENTS = YES;
				CLANG_WARN_EMPTY_BODY = YES;
				CLANG_WARN_ENUM_CONVERSION = YES;
				CLANG_WARN_INFINITE_RECURSION = YES;
				CLANG_WARN_INT_CONVERSION = YES;
				CLANG_WARN_NON_LITERAL_NULL_CONVERSION = YES;
				CLANG_WARN_OBJC_IMPLICIT_RETAIN_SELF = YES;
				CLANG_WARN_OBJC_LITERAL_CONVERSION = YES;
				CLANG_WARN_OBJC_ROOT_CLASS = YES_ERROR;
				CLANG_WARN_QUOTED_INCLUDE_IN_FRAMEWORK_HEADER = YES;
				CLANG_WARN_RANGE_LOOP_ANALYSIS = YES;
				CLANG_WARN_STRICT_PROTOTYPES = YES;
				CLANG_WARN_SUSPICIOUS_MOVE = YES;
				CLANG_WARN_UNGUARDED_AVAILABILITY = YES_AGGRESSIVE;
				CLANG_WARN_UNREACHABLE_CODE = YES;
				CLANG_WARN__DUPLICATE_METHOD_MATCH = YES;
				COPY_PHASE_STRIP = NO;
				DEBUG_INFORMATION_FORMAT = dwarf;
				ENABLE_STRICT_OBJC_MSGSEND = YES;
				ENABLE_TESTABILITY = YES;
				ENABLE_USER_SCRIPT_SANDBOXING = YES;
				GCC_C_LANGUAGE_STANDARD = gnu17;
				GCC_DYNAMIC_NO_PIC = NO;
				GCC_NO_COMMON_BLOCKS = YES;
				GCC_OPTIMIZATION_LEVEL = 0;
				GCC_PREPROCESSOR_DEFINITIONS = (
					"DEBUG=1",
					"$(inherited)",
				);
				GCC_WARN_64_TO_32_BIT_CONVERSION = YES;
				GCC_WARN_ABOUT_RETURN_TYPE = YES_ERROR;
				GCC_WARN_UNDECLARED_SELECTOR = YES;
				GCC_WARN_UNINITIALIZED_AUTOS = YES_AGGRESSIVE;
				GCC_WARN_UNUSED_FUNCTION = YES;
				GCC_WARN_UNUSED_VARIABLE = YES;
				IPHONEOS_DEPLOYMENT_TARGET = 17.0;
				LOCALIZATION_PREFERS_STRING_CATALOGS = YES;
				MTL_ENABLE_DEBUG_INFO = INCLUDE_SOURCE;
				MTL_FAST_MATH = YES;
				ONLY_ACTIVE_ARCH = YES;
				SDKROOT = iphoneos;
				SWIFT_ACTIVE_COMPILATION_CONDITIONS = "DEBUG $(inherited)";
				SWIFT_OPTIMIZATION_LEVEL = "-Onone";
			};
			name = Debug;
		};
		EB28B5772B651437003DA6D1 /* Release */ = {
			isa = XCBuildConfiguration;
			baseConfigurationReference = EB28B5962B651AE4003DA6D1 /* Config.xcconfig */;
			buildSettings = {
				ALWAYS_SEARCH_USER_PATHS = NO;
				ASSETCATALOG_COMPILER_GENERATE_SWIFT_ASSET_SYMBOL_EXTENSIONS = YES;
				CLANG_ANALYZER_NONNULL = YES;
				CLANG_ANALYZER_NUMBER_OBJECT_CONVERSION = YES_AGGRESSIVE;
				CLANG_CXX_LANGUAGE_STANDARD = "gnu++20";
				CLANG_ENABLE_MODULES = YES;
				CLANG_ENABLE_OBJC_ARC = YES;
				CLANG_ENABLE_OBJC_WEAK = YES;
				CLANG_WARN_BLOCK_CAPTURE_AUTORELEASING = YES;
				CLANG_WARN_BOOL_CONVERSION = YES;
				CLANG_WARN_COMMA = YES;
				CLANG_WARN_CONSTANT_CONVERSION = YES;
				CLANG_WARN_DEPRECATED_OBJC_IMPLEMENTATIONS = YES;
				CLANG_WARN_DIRECT_OBJC_ISA_USAGE = YES_ERROR;
				CLANG_WARN_DOCUMENTATION_COMMENTS = YES;
				CLANG_WARN_EMPTY_BODY = YES;
				CLANG_WARN_ENUM_CONVERSION = YES;
				CLANG_WARN_INFINITE_RECURSION = YES;
				CLANG_WARN_INT_CONVERSION = YES;
				CLANG_WARN_NON_LITERAL_NULL_CONVERSION = YES;
				CLANG_WARN_OBJC_IMPLICIT_RETAIN_SELF = YES;
				CLANG_WARN_OBJC_LITERAL_CONVERSION = YES;
				CLANG_WARN_OBJC_ROOT_CLASS = YES_ERROR;
				CLANG_WARN_QUOTED_INCLUDE_IN_FRAMEWORK_HEADER = YES;
				CLANG_WARN_RANGE_LOOP_ANALYSIS = YES;
				CLANG_WARN_STRICT_PROTOTYPES = YES;
				CLANG_WARN_SUSPICIOUS_MOVE = YES;
				CLANG_WARN_UNGUARDED_AVAILABILITY = YES_AGGRESSIVE;
				CLANG_WARN_UNREACHABLE_CODE = YES;
				CLANG_WARN__DUPLICATE_METHOD_MATCH = YES;
				COPY_PHASE_STRIP = NO;
				DEBUG_INFORMATION_FORMAT = "dwarf-with-dsym";
				ENABLE_NS_ASSERTIONS = NO;
				ENABLE_STRICT_OBJC_MSGSEND = YES;
				ENABLE_USER_SCRIPT_SANDBOXING = YES;
				GCC_C_LANGUAGE_STANDARD = gnu17;
				GCC_NO_COMMON_BLOCKS = YES;
				GCC_WARN_64_TO_32_BIT_CONVERSION = YES;
				GCC_WARN_ABOUT_RETURN_TYPE = YES_ERROR;
				GCC_WARN_UNDECLARED_SELECTOR = YES;
				GCC_WARN_UNINITIALIZED_AUTOS = YES_AGGRESSIVE;
				GCC_WARN_UNUSED_FUNCTION = YES;
				GCC_WARN_UNUSED_VARIABLE = YES;
				IPHONEOS_DEPLOYMENT_TARGET = 17.0;
				LOCALIZATION_PREFERS_STRING_CATALOGS = YES;
				MTL_ENABLE_DEBUG_INFO = NO;
				MTL_FAST_MATH = YES;
				SDKROOT = iphoneos;
				SWIFT_COMPILATION_MODE = wholemodule;
				VALIDATE_PRODUCT = YES;
			};
			name = Release;
		};
		EB28B5792B651437003DA6D1 /* Debug */ = {
			isa = XCBuildConfiguration;
			buildSettings = {
				ASSETCATALOG_COMPILER_APPICON_NAME = AppIcon;
				ASSETCATALOG_COMPILER_GLOBAL_ACCENT_COLOR_NAME = AccentColor;
				CODE_SIGN_STYLE = Automatic;
				CURRENT_PROJECT_VERSION = 1;
				DEVELOPMENT_TEAM = VZA2WP4962;
				GENERATE_INFOPLIST_FILE = YES;
				INFOPLIST_FILE = TMDB/Resources/Info.plist;
				INFOPLIST_KEY_UIApplicationSupportsIndirectInputEvents = YES;
				INFOPLIST_KEY_UILaunchStoryboardName = LaunchScreen;
				INFOPLIST_KEY_UISupportedInterfaceOrientations_iPad = "UIInterfaceOrientationPortrait UIInterfaceOrientationPortraitUpsideDown UIInterfaceOrientationLandscapeLeft UIInterfaceOrientationLandscapeRight";
				INFOPLIST_KEY_UISupportedInterfaceOrientations_iPhone = "UIInterfaceOrientationPortrait UIInterfaceOrientationLandscapeLeft UIInterfaceOrientationLandscapeRight";
				LD_RUNPATH_SEARCH_PATHS = (
					"$(inherited)",
					"@executable_path/Frameworks",
				);
				MARKETING_VERSION = 1.0;
				PRODUCT_BUNDLE_IDENTIFIER = Kareem.TMDB;
				PRODUCT_NAME = "$(TARGET_NAME)";
				SWIFT_EMIT_LOC_STRINGS = YES;
				SWIFT_VERSION = 5.0;
				TARGETED_DEVICE_FAMILY = "1,2";
			};
			name = Debug;
		};
		EB28B57A2B651437003DA6D1 /* Release */ = {
			isa = XCBuildConfiguration;
			buildSettings = {
				ASSETCATALOG_COMPILER_APPICON_NAME = AppIcon;
				ASSETCATALOG_COMPILER_GLOBAL_ACCENT_COLOR_NAME = AccentColor;
				CODE_SIGN_STYLE = Automatic;
				CURRENT_PROJECT_VERSION = 1;
				DEVELOPMENT_TEAM = VZA2WP4962;
				GENERATE_INFOPLIST_FILE = YES;
				INFOPLIST_FILE = TMDB/Resources/Info.plist;
				INFOPLIST_KEY_UIApplicationSupportsIndirectInputEvents = YES;
				INFOPLIST_KEY_UILaunchStoryboardName = LaunchScreen;
				INFOPLIST_KEY_UISupportedInterfaceOrientations_iPad = "UIInterfaceOrientationPortrait UIInterfaceOrientationPortraitUpsideDown UIInterfaceOrientationLandscapeLeft UIInterfaceOrientationLandscapeRight";
				INFOPLIST_KEY_UISupportedInterfaceOrientations_iPhone = "UIInterfaceOrientationPortrait UIInterfaceOrientationLandscapeLeft UIInterfaceOrientationLandscapeRight";
				LD_RUNPATH_SEARCH_PATHS = (
					"$(inherited)",
					"@executable_path/Frameworks",
				);
				MARKETING_VERSION = 1.0;
				PRODUCT_BUNDLE_IDENTIFIER = Kareem.TMDB;
				PRODUCT_NAME = "$(TARGET_NAME)";
				SWIFT_EMIT_LOC_STRINGS = YES;
				SWIFT_VERSION = 5.0;
				TARGETED_DEVICE_FAMILY = "1,2";
			};
			name = Release;
		};
		EB28B57C2B651437003DA6D1 /* Debug */ = {
			isa = XCBuildConfiguration;
			buildSettings = {
				ALWAYS_EMBED_SWIFT_STANDARD_LIBRARIES = YES;
				BUNDLE_LOADER = "$(TEST_HOST)";
				CODE_SIGN_STYLE = Automatic;
				CURRENT_PROJECT_VERSION = 1;
				DEVELOPMENT_TEAM = VZA2WP4962;
				GENERATE_INFOPLIST_FILE = YES;
				IPHONEOS_DEPLOYMENT_TARGET = 17.0;
				MARKETING_VERSION = 1.0;
				PRODUCT_BUNDLE_IDENTIFIER = Kareem.TMDBTests;
				PRODUCT_NAME = "$(TARGET_NAME)";
				SWIFT_EMIT_LOC_STRINGS = NO;
				SWIFT_VERSION = 5.0;
				TARGETED_DEVICE_FAMILY = "1,2";
				TEST_HOST = "$(BUILT_PRODUCTS_DIR)/TMDB.app/$(BUNDLE_EXECUTABLE_FOLDER_PATH)/TMDB";
			};
			name = Debug;
		};
		EB28B57D2B651437003DA6D1 /* Release */ = {
			isa = XCBuildConfiguration;
			buildSettings = {
				ALWAYS_EMBED_SWIFT_STANDARD_LIBRARIES = YES;
				BUNDLE_LOADER = "$(TEST_HOST)";
				CODE_SIGN_STYLE = Automatic;
				CURRENT_PROJECT_VERSION = 1;
				DEVELOPMENT_TEAM = VZA2WP4962;
				GENERATE_INFOPLIST_FILE = YES;
				IPHONEOS_DEPLOYMENT_TARGET = 17.0;
				MARKETING_VERSION = 1.0;
				PRODUCT_BUNDLE_IDENTIFIER = Kareem.TMDBTests;
				PRODUCT_NAME = "$(TARGET_NAME)";
				SWIFT_EMIT_LOC_STRINGS = NO;
				SWIFT_VERSION = 5.0;
				TARGETED_DEVICE_FAMILY = "1,2";
				TEST_HOST = "$(BUILT_PRODUCTS_DIR)/TMDB.app/$(BUNDLE_EXECUTABLE_FOLDER_PATH)/TMDB";
			};
			name = Release;
		};
		EB28B57F2B651437003DA6D1 /* Debug */ = {
			isa = XCBuildConfiguration;
			buildSettings = {
				ALWAYS_EMBED_SWIFT_STANDARD_LIBRARIES = YES;
				CODE_SIGN_STYLE = Automatic;
				CURRENT_PROJECT_VERSION = 1;
				DEVELOPMENT_TEAM = VZA2WP4962;
				GENERATE_INFOPLIST_FILE = YES;
				MARKETING_VERSION = 1.0;
				PRODUCT_BUNDLE_IDENTIFIER = Kareem.TMDBUITests;
				PRODUCT_NAME = "$(TARGET_NAME)";
				SWIFT_EMIT_LOC_STRINGS = NO;
				SWIFT_VERSION = 5.0;
				TARGETED_DEVICE_FAMILY = "1,2";
				TEST_TARGET_NAME = TMDB;
			};
			name = Debug;
		};
		EB28B5802B651437003DA6D1 /* Release */ = {
			isa = XCBuildConfiguration;
			buildSettings = {
				ALWAYS_EMBED_SWIFT_STANDARD_LIBRARIES = YES;
				CODE_SIGN_STYLE = Automatic;
				CURRENT_PROJECT_VERSION = 1;
				DEVELOPMENT_TEAM = VZA2WP4962;
				GENERATE_INFOPLIST_FILE = YES;
				MARKETING_VERSION = 1.0;
				PRODUCT_BUNDLE_IDENTIFIER = Kareem.TMDBUITests;
				PRODUCT_NAME = "$(TARGET_NAME)";
				SWIFT_EMIT_LOC_STRINGS = NO;
				SWIFT_VERSION = 5.0;
				TARGETED_DEVICE_FAMILY = "1,2";
				TEST_TARGET_NAME = TMDB;
			};
			name = Release;
		};
/* End XCBuildConfiguration section */

/* Begin XCConfigurationList section */
		EB28B5492B651435003DA6D1 /* Build configuration list for PBXProject "TMDB" */ = {
			isa = XCConfigurationList;
			buildConfigurations = (
				EB28B5762B651437003DA6D1 /* Debug */,
				EB28B5772B651437003DA6D1 /* Release */,
			);
			defaultConfigurationIsVisible = 0;
			defaultConfigurationName = Release;
		};
		EB28B5782B651437003DA6D1 /* Build configuration list for PBXNativeTarget "TMDB" */ = {
			isa = XCConfigurationList;
			buildConfigurations = (
				EB28B5792B651437003DA6D1 /* Debug */,
				EB28B57A2B651437003DA6D1 /* Release */,
			);
			defaultConfigurationIsVisible = 0;
			defaultConfigurationName = Release;
		};
		EB28B57B2B651437003DA6D1 /* Build configuration list for PBXNativeTarget "TMDBTests" */ = {
			isa = XCConfigurationList;
			buildConfigurations = (
				EB28B57C2B651437003DA6D1 /* Debug */,
				EB28B57D2B651437003DA6D1 /* Release */,
			);
			defaultConfigurationIsVisible = 0;
			defaultConfigurationName = Release;
		};
		EB28B57E2B651437003DA6D1 /* Build configuration list for PBXNativeTarget "TMDBUITests" */ = {
			isa = XCConfigurationList;
			buildConfigurations = (
				EB28B57F2B651437003DA6D1 /* Debug */,
				EB28B5802B651437003DA6D1 /* Release */,
			);
			defaultConfigurationIsVisible = 0;
			defaultConfigurationName = Release;
		};
/* End XCConfigurationList section */

/* Begin XCRemoteSwiftPackageReference section */
		EB28B5A82B652DE1003DA6D1 /* XCRemoteSwiftPackageReference "Factory" */ = {
			isa = XCRemoteSwiftPackageReference;
			repositoryURL = "https://github.com/hmlongco/Factory";
			requirement = {
				kind = upToNextMajorVersion;
				minimumVersion = 2.3.1;
			};
		};
		EB28B5D82B654EFC003DA6D1 /* XCRemoteSwiftPackageReference "Kingfisher" */ = {
			isa = XCRemoteSwiftPackageReference;
			repositoryURL = "https://github.com/onevcat/Kingfisher.git";
			requirement = {
				kind = upToNextMajorVersion;
				minimumVersion = 7.10.2;
			};
		};
		EB5E64732B659931002CF03F /* XCRemoteSwiftPackageReference "SkeletonView" */ = {
			isa = XCRemoteSwiftPackageReference;
			repositoryURL = "https://github.com/Juanpe/SkeletonView.git";
			requirement = {
				kind = upToNextMajorVersion;
				minimumVersion = 1.30.4;
			};
		};
/* End XCRemoteSwiftPackageReference section */

/* Begin XCSwiftPackageProductDependency section */
		EB28B5A92B652DE1003DA6D1 /* Factory */ = {
			isa = XCSwiftPackageProductDependency;
			package = EB28B5A82B652DE1003DA6D1 /* XCRemoteSwiftPackageReference "Factory" */;
			productName = Factory;
		};
		EB28B5D92B654EFC003DA6D1 /* Kingfisher */ = {
			isa = XCSwiftPackageProductDependency;
			package = EB28B5D82B654EFC003DA6D1 /* XCRemoteSwiftPackageReference "Kingfisher" */;
			productName = Kingfisher;
		};
		EB5E64742B659931002CF03F /* SkeletonView */ = {
			isa = XCSwiftPackageProductDependency;
			package = EB5E64732B659931002CF03F /* XCRemoteSwiftPackageReference "SkeletonView" */;
			productName = SkeletonView;
		};
/* End XCSwiftPackageProductDependency section */
	};
	rootObject = EB28B5462B651435003DA6D1 /* Project object */;
}
